
Microsoft Visual Studio Solution File, Format Version 12.00
# Visual Studio Version 16
VisualStudioVersion = 16.0.810.16
MinimumVisualStudioVersion = 10.0.40219.1
Project("{FAE04EC0-301F-11D3-BF4B-00C04F79EFBC}") = "LabTwo", "LabTwo\LabTwo.csproj", "{08527F26-3668-4AEF-838D-15F817C2C234}"
EndProject
Global
	GlobalSection(SolutionConfigurationPlatforms) = preSolution
		Debug|Any CPU = Debug|Any CPU
		Release|Any CPU = Release|Any CPU
	EndGlobalSection
	GlobalSection(ProjectConfigurationPlatforms) = postSolution
		{08527F26-3668-4AEF-838D-15F817C2C234}.Debug|Any CPU.ActiveCfg = Debug|Any CPU
		{08527F26-3668-4AEF-838D-15F817C2C234}.Debug|Any CPU.Build.0 = Debug|Any CPU
		{08527F26-3668-4AEF-838D-15F817C2C234}.Release|Any CPU.ActiveCfg = Release|Any CPU
		{08527F26-3668-4AEF-838D-15F817C2C234}.Release|Any CPU.Build.0 = Release|Any CPU
	EndGlobalSection
	GlobalSection(SolutionProperties) = preSolution
		HideSolutionNode = FALSE
	EndGlobalSection
	GlobalSection(ExtensibilityGlobals) = postSolution
		SolutionGuid = {B1321104-FB70-426B-A824-935FA80D87F4}
	EndGlobalSection
EndGlobal
